
Microsoft Visual Studio Solution File, Format Version 12.00
# Visual Studio Version 17
VisualStudioVersion = 17.10.34928.147
MinimumVisualStudioVersion = 10.0.40219.1
Project("{FAE04EC0-301F-11D3-BF4B-00C04F79EFBC}") = "Enums,Collections - Task", "Enums,Collections - Task\Enums,Collections - Task.csproj", "{B65533FF-2159-434A-9550-286DB23CD7A4}"
EndProject
Global
	GlobalSection(SolutionConfigurationPlatforms) = preSolution
		Debug|Any CPU = Debug|Any CPU
		Release|Any CPU = Release|Any CPU
	EndGlobalSection
	GlobalSection(ProjectConfigurationPlatforms) = postSolution
		{B65533FF-2159-434A-9550-286DB23CD7A4}.Debug|Any CPU.ActiveCfg = Debug|Any CPU
		{B65533FF-2159-434A-9550-286DB23CD7A4}.Debug|Any CPU.Build.0 = Debug|Any CPU
		{B65533FF-2159-434A-9550-286DB23CD7A4}.Release|Any CPU.ActiveCfg = Release|Any CPU
		{B65533FF-2159-434A-9550-286DB23CD7A4}.Release|Any CPU.Build.0 = Release|Any CPU
	EndGlobalSection
	GlobalSection(SolutionProperties) = preSolution
		HideSolutionNode = FALSE
	EndGlobalSection
	GlobalSection(ExtensibilityGlobals) = postSolution
		SolutionGuid = {FFE3BA41-D52A-4C3E-9FAE-79AFC334504E}
	EndGlobalSection
EndGlobal
